{
  "object": {
    "pins": [
      {
        "package": "DMPClientPublic",
        "repositoryURL": "https://github.com/Rashidium/DMPClientPublic",
        "state": {
          "branch": null,
          "revision": "d20c46613aca614cd40af9f935a926f7161db6dc",
          "version": "0.1.3"
        }
      }
    ]
  },
  "version": 1
}
