{
  "object": {
    "pins": [
      {
        "package": "DMPClientPublic",
        "repositoryURL": "https://github.com/Rashidium/DMPClientPublic",
        "state": {
          "branch": null,
          "revision": "d0de977fd7d235aadfdd231af5d6658cdbff9643",
          "version": "0.1.2"
        }
      }
    ]
  },
  "version": 1
}
